// !$*UTF8*$!
{
	archiveVersion = 1;
	classes = {
	};
	objectVersion = 56;
	objects = {

/* Begin PBXBuildFile section */
		075E67102A88BBFD00DD758D /* ProfileView.swift in Sources */ = {isa = PBXBuildFile; fileRef = 075E670F2A88BBFD00DD758D /* ProfileView.swift */; };
		07856CC72A8CB5C900A9BC96 /* AddRecordView.swift in Sources */ = {isa = PBXBuildFile; fileRef = 07856CC62A8CB5C900A9BC96 /* AddRecordView.swift */; };
		07AB08C82A8B64AD0072F099 /* ViewRecordsView.swift in Sources */ = {isa = PBXBuildFile; fileRef = 07AB08C72A8B64AC0072F099 /* ViewRecordsView.swift */; };
		DC1AB0DE2A879F690038E3AE /* NetworkManager.swift in Sources */ = {isa = PBXBuildFile; fileRef = DC1AB0DD2A879F690038E3AE /* NetworkManager.swift */; };
		DC1AB0E02A87A1A90038E3AE /* Repository.swift in Sources */ = {isa = PBXBuildFile; fileRef = DC1AB0DF2A87A1A90038E3AE /* Repository.swift */; };
		DC9C63FF2A855D4B0098B2B0 /* Fito_SwiftUIApp.swift in Sources */ = {isa = PBXBuildFile; fileRef = DC9C63FE2A855D4B0098B2B0 /* Fito_SwiftUIApp.swift */; };
		DC9C64012A855D4B0098B2B0 /* ContentView.swift in Sources */ = {isa = PBXBuildFile; fileRef = DC9C64002A855D4B0098B2B0 /* ContentView.swift */; };
		DC9C64032A855D4B0098B2B0 /* Assets.xcassets in Resources */ = {isa = PBXBuildFile; fileRef = DC9C64022A855D4B0098B2B0 /* Assets.xcassets */; };
		DC9C64062A855D4B0098B2B0 /* Preview Assets.xcassets in Resources */ = {isa = PBXBuildFile; fileRef = DC9C64052A855D4B0098B2B0 /* Preview Assets.xcassets */; };
		DC9C64102A855D4B0098B2B0 /* Fito_SwiftUITests.swift in Sources */ = {isa = PBXBuildFile; fileRef = DC9C640F2A855D4B0098B2B0 /* Fito_SwiftUITests.swift */; };
		DC9C641A2A855D4C0098B2B0 /* Fito_SwiftUIUITests.swift in Sources */ = {isa = PBXBuildFile; fileRef = DC9C64192A855D4C0098B2B0 /* Fito_SwiftUIUITests.swift */; };
		DC9C641C2A855D4C0098B2B0 /* Fito_SwiftUIUITestsLaunchTests.swift in Sources */ = {isa = PBXBuildFile; fileRef = DC9C641B2A855D4C0098B2B0 /* Fito_SwiftUIUITestsLaunchTests.swift */; };
		DC9C642A2A8560200098B2B0 /* GetStartedView.swift in Sources */ = {isa = PBXBuildFile; fileRef = DC9C64292A8560200098B2B0 /* GetStartedView.swift */; };
		DC9C64432A8564900098B2B0 /* Poppins-Black.ttf in Resources */ = {isa = PBXBuildFile; fileRef = DC9C64312A85648F0098B2B0 /* Poppins-Black.ttf */; };
		DC9C64442A8564900098B2B0 /* Poppins-Regular.ttf in Resources */ = {isa = PBXBuildFile; fileRef = DC9C64322A85648F0098B2B0 /* Poppins-Regular.ttf */; };
		DC9C64452A8564900098B2B0 /* Poppins-Bold.ttf in Resources */ = {isa = PBXBuildFile; fileRef = DC9C64332A85648F0098B2B0 /* Poppins-Bold.ttf */; };
		DC9C64462A8564900098B2B0 /* Poppins-Light.ttf in Resources */ = {isa = PBXBuildFile; fileRef = DC9C64342A85648F0098B2B0 /* Poppins-Light.ttf */; };
		DC9C64472A8564900098B2B0 /* Poppins-Medium.ttf in Resources */ = {isa = PBXBuildFile; fileRef = DC9C64352A85648F0098B2B0 /* Poppins-Medium.ttf */; };
		DC9C64482A8564900098B2B0 /* Poppins-Thin.ttf in Resources */ = {isa = PBXBuildFile; fileRef = DC9C64362A85648F0098B2B0 /* Poppins-Thin.ttf */; };
		DC9C64492A8564900098B2B0 /* Poppins-ThinItalic.ttf in Resources */ = {isa = PBXBuildFile; fileRef = DC9C64372A85648F0098B2B0 /* Poppins-ThinItalic.ttf */; };
		DC9C644A2A8564900098B2B0 /* Poppins-ExtraBold.ttf in Resources */ = {isa = PBXBuildFile; fileRef = DC9C64382A85648F0098B2B0 /* Poppins-ExtraBold.ttf */; };
		DC9C644B2A8564900098B2B0 /* Poppins-LightItalic.ttf in Resources */ = {isa = PBXBuildFile; fileRef = DC9C64392A85648F0098B2B0 /* Poppins-LightItalic.ttf */; };
		DC9C644C2A8564900098B2B0 /* Poppins-SemiBold.ttf in Resources */ = {isa = PBXBuildFile; fileRef = DC9C643A2A8564900098B2B0 /* Poppins-SemiBold.ttf */; };
		DC9C644D2A8564900098B2B0 /* Poppins-BlackItalic.ttf in Resources */ = {isa = PBXBuildFile; fileRef = DC9C643B2A8564900098B2B0 /* Poppins-BlackItalic.ttf */; };
		DC9C644E2A8564900098B2B0 /* Poppins-MediumItalic.ttf in Resources */ = {isa = PBXBuildFile; fileRef = DC9C643C2A8564900098B2B0 /* Poppins-MediumItalic.ttf */; };
		DC9C644F2A8564900098B2B0 /* Poppins-Italic.ttf in Resources */ = {isa = PBXBuildFile; fileRef = DC9C643D2A8564900098B2B0 /* Poppins-Italic.ttf */; };
		DC9C64502A8564900098B2B0 /* Poppins-ExtraBoldItalic.ttf in Resources */ = {isa = PBXBuildFile; fileRef = DC9C643E2A8564900098B2B0 /* Poppins-ExtraBoldItalic.ttf */; };
		DC9C64512A8564900098B2B0 /* Poppins-ExtraLight.ttf in Resources */ = {isa = PBXBuildFile; fileRef = DC9C643F2A8564900098B2B0 /* Poppins-ExtraLight.ttf */; };
		DC9C64522A8564900098B2B0 /* Poppins-BoldItalic.ttf in Resources */ = {isa = PBXBuildFile; fileRef = DC9C64402A8564900098B2B0 /* Poppins-BoldItalic.ttf */; };
		DC9C64532A8564900098B2B0 /* Poppins-ExtraLightItalic.ttf in Resources */ = {isa = PBXBuildFile; fileRef = DC9C64412A8564900098B2B0 /* Poppins-ExtraLightItalic.ttf */; };
		DC9C64542A8564900098B2B0 /* Poppins-SemiBoldItalic.ttf in Resources */ = {isa = PBXBuildFile; fileRef = DC9C64422A8564900098B2B0 /* Poppins-SemiBoldItalic.ttf */; };
		DC9C64562A8569660098B2B0 /* RegisterView.swift in Sources */ = {isa = PBXBuildFile; fileRef = DC9C64552A8569660098B2B0 /* RegisterView.swift */; };
		DC9C64582A856F110098B2B0 /* LoginView.swift in Sources */ = {isa = PBXBuildFile; fileRef = DC9C64572A856F110098B2B0 /* LoginView.swift */; };
		DC9C645B2A8570A70098B2B0 /* User.swift in Sources */ = {isa = PBXBuildFile; fileRef = DC9C645A2A8570A70098B2B0 /* User.swift */; };
		DCC5795A2A8AA9BB00F4AC17 /* TabBarView.swift in Sources */ = {isa = PBXBuildFile; fileRef = DCC579592A8AA9BB00F4AC17 /* TabBarView.swift */; };
		DCC5795B2A8AA9BB00F4AC17 /* TabBarView.swift in Sources */ = {isa = PBXBuildFile; fileRef = DCC579592A8AA9BB00F4AC17 /* TabBarView.swift */; };
		DCC5795C2A8AA9BB00F4AC17 /* TabBarView.swift in Sources */ = {isa = PBXBuildFile; fileRef = DCC579592A8AA9BB00F4AC17 /* TabBarView.swift */; };
		DCC5795F2A8AC4AD00F4AC17 /* SpinnerView.swift in Sources */ = {isa = PBXBuildFile; fileRef = DCC5795E2A8AC4AD00F4AC17 /* SpinnerView.swift */; };
		DCC579602A8AC4AD00F4AC17 /* SpinnerView.swift in Sources */ = {isa = PBXBuildFile; fileRef = DCC5795E2A8AC4AD00F4AC17 /* SpinnerView.swift */; };
		DCC579612A8AC4AD00F4AC17 /* SpinnerView.swift in Sources */ = {isa = PBXBuildFile; fileRef = DCC5795E2A8AC4AD00F4AC17 /* SpinnerView.swift */; };
		DCF99D0A2A8B943300D10726 /* AnalysisView.swift in Sources */ = {isa = PBXBuildFile; fileRef = DCF99D092A8B943300D10726 /* AnalysisView.swift */; };
		DCF99D0B2A8B943300D10726 /* AnalysisView.swift in Sources */ = {isa = PBXBuildFile; fileRef = DCF99D092A8B943300D10726 /* AnalysisView.swift */; };
		DCF99D0C2A8B943300D10726 /* AnalysisView.swift in Sources */ = {isa = PBXBuildFile; fileRef = DCF99D092A8B943300D10726 /* AnalysisView.swift */; };
		DCF99D0E2A8B996200D10726 /* MockData.swift in Sources */ = {isa = PBXBuildFile; fileRef = DCF99D0D2A8B996200D10726 /* MockData.swift */; };
		DCF99D0F2A8B996200D10726 /* MockData.swift in Sources */ = {isa = PBXBuildFile; fileRef = DCF99D0D2A8B996200D10726 /* MockData.swift */; };
		DCF99D102A8B996200D10726 /* MockData.swift in Sources */ = {isa = PBXBuildFile; fileRef = DCF99D0D2A8B996200D10726 /* MockData.swift */; };
/* End PBXBuildFile section */

/* Begin PBXContainerItemProxy section */
		DC9C640C2A855D4B0098B2B0 /* PBXContainerItemProxy */ = {
			isa = PBXContainerItemProxy;
			containerPortal = DC9C63F32A855D4A0098B2B0 /* Project object */;
			proxyType = 1;
			remoteGlobalIDString = DC9C63FA2A855D4B0098B2B0;
			remoteInfo = "Fito-SwiftUI";
		};
		DC9C64162A855D4C0098B2B0 /* PBXContainerItemProxy */ = {
			isa = PBXContainerItemProxy;
			containerPortal = DC9C63F32A855D4A0098B2B0 /* Project object */;
			proxyType = 1;
			remoteGlobalIDString = DC9C63FA2A855D4B0098B2B0;
			remoteInfo = "Fito-SwiftUI";
		};
/* End PBXContainerItemProxy section */

/* Begin PBXFileReference section */
		075E670F2A88BBFD00DD758D /* ProfileView.swift */ = {isa = PBXFileReference; lastKnownFileType = sourcecode.swift; path = ProfileView.swift; sourceTree = "<group>"; };
		07856CC62A8CB5C900A9BC96 /* AddRecordView.swift */ = {isa = PBXFileReference; lastKnownFileType = sourcecode.swift; path = AddRecordView.swift; sourceTree = "<group>"; };
		07AB08C72A8B64AC0072F099 /* ViewRecordsView.swift */ = {isa = PBXFileReference; lastKnownFileType = sourcecode.swift; path = ViewRecordsView.swift; sourceTree = "<group>"; };
		DC1AB0DD2A879F690038E3AE /* NetworkManager.swift */ = {isa = PBXFileReference; lastKnownFileType = sourcecode.swift; path = NetworkManager.swift; sourceTree = "<group>"; };
		DC1AB0DF2A87A1A90038E3AE /* Repository.swift */ = {isa = PBXFileReference; lastKnownFileType = sourcecode.swift; path = Repository.swift; sourceTree = "<group>"; };
		DC9C63FB2A855D4B0098B2B0 /* Fito-SwiftUI.app */ = {isa = PBXFileReference; explicitFileType = wrapper.application; includeInIndex = 0; path = "Fito-SwiftUI.app"; sourceTree = BUILT_PRODUCTS_DIR; };
		DC9C63FE2A855D4B0098B2B0 /* Fito_SwiftUIApp.swift */ = {isa = PBXFileReference; lastKnownFileType = sourcecode.swift; path = Fito_SwiftUIApp.swift; sourceTree = "<group>"; };
		DC9C64002A855D4B0098B2B0 /* ContentView.swift */ = {isa = PBXFileReference; lastKnownFileType = sourcecode.swift; path = ContentView.swift; sourceTree = "<group>"; };
		DC9C64022A855D4B0098B2B0 /* Assets.xcassets */ = {isa = PBXFileReference; lastKnownFileType = folder.assetcatalog; path = Assets.xcassets; sourceTree = "<group>"; };
		DC9C64052A855D4B0098B2B0 /* Preview Assets.xcassets */ = {isa = PBXFileReference; lastKnownFileType = folder.assetcatalog; path = "Preview Assets.xcassets"; sourceTree = "<group>"; };
		DC9C640B2A855D4B0098B2B0 /* Fito-SwiftUITests.xctest */ = {isa = PBXFileReference; explicitFileType = wrapper.cfbundle; includeInIndex = 0; path = "Fito-SwiftUITests.xctest"; sourceTree = BUILT_PRODUCTS_DIR; };
		DC9C640F2A855D4B0098B2B0 /* Fito_SwiftUITests.swift */ = {isa = PBXFileReference; lastKnownFileType = sourcecode.swift; path = Fito_SwiftUITests.swift; sourceTree = "<group>"; };
		DC9C64152A855D4C0098B2B0 /* Fito-SwiftUIUITests.xctest */ = {isa = PBXFileReference; explicitFileType = wrapper.cfbundle; includeInIndex = 0; path = "Fito-SwiftUIUITests.xctest"; sourceTree = BUILT_PRODUCTS_DIR; };
		DC9C64192A855D4C0098B2B0 /* Fito_SwiftUIUITests.swift */ = {isa = PBXFileReference; lastKnownFileType = sourcecode.swift; path = Fito_SwiftUIUITests.swift; sourceTree = "<group>"; };
		DC9C641B2A855D4C0098B2B0 /* Fito_SwiftUIUITestsLaunchTests.swift */ = {isa = PBXFileReference; lastKnownFileType = sourcecode.swift; path = Fito_SwiftUIUITestsLaunchTests.swift; sourceTree = "<group>"; };
		DC9C64292A8560200098B2B0 /* GetStartedView.swift */ = {isa = PBXFileReference; lastKnownFileType = sourcecode.swift; path = GetStartedView.swift; sourceTree = "<group>"; };
		DC9C642E2A8562210098B2B0 /* Info.plist */ = {isa = PBXFileReference; lastKnownFileType = text.plist; path = Info.plist; sourceTree = "<group>"; };
		DC9C64312A85648F0098B2B0 /* Poppins-Black.ttf */ = {isa = PBXFileReference; lastKnownFileType = file; path = "Poppins-Black.ttf"; sourceTree = "<group>"; };
		DC9C64322A85648F0098B2B0 /* Poppins-Regular.ttf */ = {isa = PBXFileReference; lastKnownFileType = file; path = "Poppins-Regular.ttf"; sourceTree = "<group>"; };
		DC9C64332A85648F0098B2B0 /* Poppins-Bold.ttf */ = {isa = PBXFileReference; lastKnownFileType = file; path = "Poppins-Bold.ttf"; sourceTree = "<group>"; };
		DC9C64342A85648F0098B2B0 /* Poppins-Light.ttf */ = {isa = PBXFileReference; lastKnownFileType = file; path = "Poppins-Light.ttf"; sourceTree = "<group>"; };
		DC9C64352A85648F0098B2B0 /* Poppins-Medium.ttf */ = {isa = PBXFileReference; lastKnownFileType = file; path = "Poppins-Medium.ttf"; sourceTree = "<group>"; };
		DC9C64362A85648F0098B2B0 /* Poppins-Thin.ttf */ = {isa = PBXFileReference; lastKnownFileType = file; path = "Poppins-Thin.ttf"; sourceTree = "<group>"; };
		DC9C64372A85648F0098B2B0 /* Poppins-ThinItalic.ttf */ = {isa = PBXFileReference; lastKnownFileType = file; path = "Poppins-ThinItalic.ttf"; sourceTree = "<group>"; };
		DC9C64382A85648F0098B2B0 /* Poppins-ExtraBold.ttf */ = {isa = PBXFileReference; lastKnownFileType = file; path = "Poppins-ExtraBold.ttf"; sourceTree = "<group>"; };
		DC9C64392A85648F0098B2B0 /* Poppins-LightItalic.ttf */ = {isa = PBXFileReference; lastKnownFileType = file; path = "Poppins-LightItalic.ttf"; sourceTree = "<group>"; };
		DC9C643A2A8564900098B2B0 /* Poppins-SemiBold.ttf */ = {isa = PBXFileReference; lastKnownFileType = file; path = "Poppins-SemiBold.ttf"; sourceTree = "<group>"; };
		DC9C643B2A8564900098B2B0 /* Poppins-BlackItalic.ttf */ = {isa = PBXFileReference; lastKnownFileType = file; path = "Poppins-BlackItalic.ttf"; sourceTree = "<group>"; };
		DC9C643C2A8564900098B2B0 /* Poppins-MediumItalic.ttf */ = {isa = PBXFileReference; lastKnownFileType = file; path = "Poppins-MediumItalic.ttf"; sourceTree = "<group>"; };
		DC9C643D2A8564900098B2B0 /* Poppins-Italic.ttf */ = {isa = PBXFileReference; lastKnownFileType = file; path = "Poppins-Italic.ttf"; sourceTree = "<group>"; };
		DC9C643E2A8564900098B2B0 /* Poppins-ExtraBoldItalic.ttf */ = {isa = PBXFileReference; lastKnownFileType = file; path = "Poppins-ExtraBoldItalic.ttf"; sourceTree = "<group>"; };
		DC9C643F2A8564900098B2B0 /* Poppins-ExtraLight.ttf */ = {isa = PBXFileReference; lastKnownFileType = file; path = "Poppins-ExtraLight.ttf"; sourceTree = "<group>"; };
		DC9C64402A8564900098B2B0 /* Poppins-BoldItalic.ttf */ = {isa = PBXFileReference; lastKnownFileType = file; path = "Poppins-BoldItalic.ttf"; sourceTree = "<group>"; };
		DC9C64412A8564900098B2B0 /* Poppins-ExtraLightItalic.ttf */ = {isa = PBXFileReference; lastKnownFileType = file; path = "Poppins-ExtraLightItalic.ttf"; sourceTree = "<group>"; };
		DC9C64422A8564900098B2B0 /* Poppins-SemiBoldItalic.ttf */ = {isa = PBXFileReference; lastKnownFileType = file; path = "Poppins-SemiBoldItalic.ttf"; sourceTree = "<group>"; };
		DC9C64552A8569660098B2B0 /* RegisterView.swift */ = {isa = PBXFileReference; lastKnownFileType = sourcecode.swift; path = RegisterView.swift; sourceTree = "<group>"; };
		DC9C64572A856F110098B2B0 /* LoginView.swift */ = {isa = PBXFileReference; lastKnownFileType = sourcecode.swift; path = LoginView.swift; sourceTree = "<group>"; };
		DC9C645A2A8570A70098B2B0 /* User.swift */ = {isa = PBXFileReference; lastKnownFileType = sourcecode.swift; path = User.swift; sourceTree = "<group>"; };
		DCC579592A8AA9BB00F4AC17 /* TabBarView.swift */ = {isa = PBXFileReference; lastKnownFileType = sourcecode.swift; path = TabBarView.swift; sourceTree = "<group>"; };
		DCC5795E2A8AC4AD00F4AC17 /* SpinnerView.swift */ = {isa = PBXFileReference; lastKnownFileType = sourcecode.swift; path = SpinnerView.swift; sourceTree = "<group>"; };
		DCF99D092A8B943300D10726 /* AnalysisView.swift */ = {isa = PBXFileReference; lastKnownFileType = sourcecode.swift; path = AnalysisView.swift; sourceTree = "<group>"; };
		DCF99D0D2A8B996200D10726 /* MockData.swift */ = {isa = PBXFileReference; lastKnownFileType = sourcecode.swift; path = MockData.swift; sourceTree = "<group>"; };
/* End PBXFileReference section */

/* Begin PBXFrameworksBuildPhase section */
		DC9C63F82A855D4B0098B2B0 /* Frameworks */ = {
			isa = PBXFrameworksBuildPhase;
			buildActionMask = 2147483647;
			files = (
			);
			runOnlyForDeploymentPostprocessing = 0;
		};
		DC9C64082A855D4B0098B2B0 /* Frameworks */ = {
			isa = PBXFrameworksBuildPhase;
			buildActionMask = 2147483647;
			files = (
			);
			runOnlyForDeploymentPostprocessing = 0;
		};
		DC9C64122A855D4C0098B2B0 /* Frameworks */ = {
			isa = PBXFrameworksBuildPhase;
			buildActionMask = 2147483647;
			files = (
			);
			runOnlyForDeploymentPostprocessing = 0;
		};
/* End PBXFrameworksBuildPhase section */

/* Begin PBXGroup section */
		DC9C63F22A855D4A0098B2B0 = {
			isa = PBXGroup;
			children = (
				DC9C63FD2A855D4B0098B2B0 /* Fito-SwiftUI */,
				DC9C640E2A855D4B0098B2B0 /* Fito-SwiftUITests */,
				DC9C64182A855D4C0098B2B0 /* Fito-SwiftUIUITests */,
				DC9C63FC2A855D4B0098B2B0 /* Products */,
			);
			sourceTree = "<group>";
		};
		DC9C63FC2A855D4B0098B2B0 /* Products */ = {
			isa = PBXGroup;
			children = (
				DC9C63FB2A855D4B0098B2B0 /* Fito-SwiftUI.app */,
				DC9C640B2A855D4B0098B2B0 /* Fito-SwiftUITests.xctest */,
				DC9C64152A855D4C0098B2B0 /* Fito-SwiftUIUITests.xctest */,
			);
			name = Products;
			sourceTree = "<group>";
		};
		DC9C63FD2A855D4B0098B2B0 /* Fito-SwiftUI */ = {
			isa = PBXGroup;
			children = (
				DCC5795D2A8AC49300F4AC17 /* Components */,
				DC9C64592A8570790098B2B0 /* Model */,
				DC9C642E2A8562210098B2B0 /* Info.plist */,
				DC9C642B2A8560730098B2B0 /* Fonts */,
				DC9C64282A855FE90098B2B0 /* Views */,
				DC9C63FE2A855D4B0098B2B0 /* Fito_SwiftUIApp.swift */,
				DC9C64002A855D4B0098B2B0 /* ContentView.swift */,
				DC9C64022A855D4B0098B2B0 /* Assets.xcassets */,
				DC9C64042A855D4B0098B2B0 /* Preview Content */,
			);
			path = "Fito-SwiftUI";
			sourceTree = "<group>";
		};
		DC9C64042A855D4B0098B2B0 /* Preview Content */ = {
			isa = PBXGroup;
			children = (
				DC9C64052A855D4B0098B2B0 /* Preview Assets.xcassets */,
			);
			path = "Preview Content";
			sourceTree = "<group>";
		};
		DC9C640E2A855D4B0098B2B0 /* Fito-SwiftUITests */ = {
			isa = PBXGroup;
			children = (
				DC9C640F2A855D4B0098B2B0 /* Fito_SwiftUITests.swift */,
			);
			path = "Fito-SwiftUITests";
			sourceTree = "<group>";
		};
		DC9C64182A855D4C0098B2B0 /* Fito-SwiftUIUITests */ = {
			isa = PBXGroup;
			children = (
				DC9C64192A855D4C0098B2B0 /* Fito_SwiftUIUITests.swift */,
				DC9C641B2A855D4C0098B2B0 /* Fito_SwiftUIUITestsLaunchTests.swift */,
			);
			path = "Fito-SwiftUIUITests";
			sourceTree = "<group>";
		};
		DC9C64282A855FE90098B2B0 /* Views */ = {
			isa = PBXGroup;
			children = (
				DC9C64292A8560200098B2B0 /* GetStartedView.swift */,
				DC9C64552A8569660098B2B0 /* RegisterView.swift */,
				DC9C64572A856F110098B2B0 /* LoginView.swift */,
				075E670F2A88BBFD00DD758D /* ProfileView.swift */,
				DCC579592A8AA9BB00F4AC17 /* TabBarView.swift */,
				07AB08C72A8B64AC0072F099 /* ViewRecordsView.swift */,
				DCF99D092A8B943300D10726 /* AnalysisView.swift */,
				07856CC62A8CB5C900A9BC96 /* AddRecordView.swift */,
			);
			path = Views;
			sourceTree = "<group>";
		};
		DC9C642B2A8560730098B2B0 /* Fonts */ = {
			isa = PBXGroup;
			children = (
				DC9C64312A85648F0098B2B0 /* Poppins-Black.ttf */,
				DC9C643B2A8564900098B2B0 /* Poppins-BlackItalic.ttf */,
				DC9C64332A85648F0098B2B0 /* Poppins-Bold.ttf */,
				DC9C64402A8564900098B2B0 /* Poppins-BoldItalic.ttf */,
				DC9C64382A85648F0098B2B0 /* Poppins-ExtraBold.ttf */,
				DC9C643E2A8564900098B2B0 /* Poppins-ExtraBoldItalic.ttf */,
				DC9C643F2A8564900098B2B0 /* Poppins-ExtraLight.ttf */,
				DC9C64412A8564900098B2B0 /* Poppins-ExtraLightItalic.ttf */,
				DC9C643D2A8564900098B2B0 /* Poppins-Italic.ttf */,
				DC9C64342A85648F0098B2B0 /* Poppins-Light.ttf */,
				DC9C64392A85648F0098B2B0 /* Poppins-LightItalic.ttf */,
				DC9C64352A85648F0098B2B0 /* Poppins-Medium.ttf */,
				DC9C643C2A8564900098B2B0 /* Poppins-MediumItalic.ttf */,
				DC9C64322A85648F0098B2B0 /* Poppins-Regular.ttf */,
				DC9C643A2A8564900098B2B0 /* Poppins-SemiBold.ttf */,
				DC9C64422A8564900098B2B0 /* Poppins-SemiBoldItalic.ttf */,
				DC9C64362A85648F0098B2B0 /* Poppins-Thin.ttf */,
				DC9C64372A85648F0098B2B0 /* Poppins-ThinItalic.ttf */,
			);
			path = Fonts;
			sourceTree = "<group>";
		};
		DC9C64592A8570790098B2B0 /* Model */ = {
			isa = PBXGroup;
			children = (
				DC9C645A2A8570A70098B2B0 /* User.swift */,
				DC1AB0DD2A879F690038E3AE /* NetworkManager.swift */,
				DC1AB0DF2A87A1A90038E3AE /* Repository.swift */,
				DCF99D0D2A8B996200D10726 /* MockData.swift */,
			);
			path = Model;
			sourceTree = "<group>";
		};
		DCC5795D2A8AC49300F4AC17 /* Components */ = {
			isa = PBXGroup;
			children = (
				DCC5795E2A8AC4AD00F4AC17 /* SpinnerView.swift */,
			);
			path = Components;
			sourceTree = "<group>";
		};
/* End PBXGroup section */

/* Begin PBXNativeTarget section */
		DC9C63FA2A855D4B0098B2B0 /* Fito-SwiftUI */ = {
			isa = PBXNativeTarget;
			buildConfigurationList = DC9C641F2A855D4C0098B2B0 /* Build configuration list for PBXNativeTarget "Fito-SwiftUI" */;
			buildPhases = (
				DC9C63F72A855D4B0098B2B0 /* Sources */,
				DC9C63F82A855D4B0098B2B0 /* Frameworks */,
				DC9C63F92A855D4B0098B2B0 /* Resources */,
			);
			buildRules = (
			);
			dependencies = (
			);
			name = "Fito-SwiftUI";
			productName = "Fito-SwiftUI";
			productReference = DC9C63FB2A855D4B0098B2B0 /* Fito-SwiftUI.app */;
			productType = "com.apple.product-type.application";
		};
		DC9C640A2A855D4B0098B2B0 /* Fito-SwiftUITests */ = {
			isa = PBXNativeTarget;
			buildConfigurationList = DC9C64222A855D4C0098B2B0 /* Build configuration list for PBXNativeTarget "Fito-SwiftUITests" */;
			buildPhases = (
				DC9C64072A855D4B0098B2B0 /* Sources */,
				DC9C64082A855D4B0098B2B0 /* Frameworks */,
				DC9C64092A855D4B0098B2B0 /* Resources */,
			);
			buildRules = (
			);
			dependencies = (
				DC9C640D2A855D4B0098B2B0 /* PBXTargetDependency */,
			);
			name = "Fito-SwiftUITests";
			productName = "Fito-SwiftUITests";
			productReference = DC9C640B2A855D4B0098B2B0 /* Fito-SwiftUITests.xctest */;
			productType = "com.apple.product-type.bundle.unit-test";
		};
		DC9C64142A855D4C0098B2B0 /* Fito-SwiftUIUITests */ = {
			isa = PBXNativeTarget;
			buildConfigurationList = DC9C64252A855D4C0098B2B0 /* Build configuration list for PBXNativeTarget "Fito-SwiftUIUITests" */;
			buildPhases = (
				DC9C64112A855D4C0098B2B0 /* Sources */,
				DC9C64122A855D4C0098B2B0 /* Frameworks */,
				DC9C64132A855D4C0098B2B0 /* Resources */,
			);
			buildRules = (
			);
			dependencies = (
				DC9C64172A855D4C0098B2B0 /* PBXTargetDependency */,
			);
			name = "Fito-SwiftUIUITests";
			productName = "Fito-SwiftUIUITests";
			productReference = DC9C64152A855D4C0098B2B0 /* Fito-SwiftUIUITests.xctest */;
			productType = "com.apple.product-type.bundle.ui-testing";
		};
/* End PBXNativeTarget section */

/* Begin PBXProject section */
		DC9C63F32A855D4A0098B2B0 /* Project object */ = {
			isa = PBXProject;
			attributes = {
				BuildIndependentTargetsInParallel = 1;
				LastSwiftUpdateCheck = 1430;
				LastUpgradeCheck = 1430;
				TargetAttributes = {
					DC9C63FA2A855D4B0098B2B0 = {
						CreatedOnToolsVersion = 14.3.1;
					};
					DC9C640A2A855D4B0098B2B0 = {
						CreatedOnToolsVersion = 14.3.1;
						TestTargetID = DC9C63FA2A855D4B0098B2B0;
					};
					DC9C64142A855D4C0098B2B0 = {
						CreatedOnToolsVersion = 14.3.1;
						TestTargetID = DC9C63FA2A855D4B0098B2B0;
					};
				};
			};
			buildConfigurationList = DC9C63F62A855D4A0098B2B0 /* Build configuration list for PBXProject "Fito-SwiftUI" */;
			compatibilityVersion = "Xcode 14.0";
			developmentRegion = en;
			hasScannedForEncodings = 0;
			knownRegions = (
				en,
				Base,
			);
			mainGroup = DC9C63F22A855D4A0098B2B0;
			productRefGroup = DC9C63FC2A855D4B0098B2B0 /* Products */;
			projectDirPath = "";
			projectRoot = "";
			targets = (
				DC9C63FA2A855D4B0098B2B0 /* Fito-SwiftUI */,
				DC9C640A2A855D4B0098B2B0 /* Fito-SwiftUITests */,
				DC9C64142A855D4C0098B2B0 /* Fito-SwiftUIUITests */,
			);
		};
/* End PBXProject section */

/* Begin PBXResourcesBuildPhase section */
		DC9C63F92A855D4B0098B2B0 /* Resources */ = {
			isa = PBXResourcesBuildPhase;
			buildActionMask = 2147483647;
			files = (
				DC9C64432A8564900098B2B0 /* Poppins-Black.ttf in Resources */,
				DC9C64512A8564900098B2B0 /* Poppins-ExtraLight.ttf in Resources */,
				DC9C64532A8564900098B2B0 /* Poppins-ExtraLightItalic.ttf in Resources */,
				DC9C644D2A8564900098B2B0 /* Poppins-BlackItalic.ttf in Resources */,
				DC9C64472A8564900098B2B0 /* Poppins-Medium.ttf in Resources */,
				DC9C64542A8564900098B2B0 /* Poppins-SemiBoldItalic.ttf in Resources */,
				DC9C644F2A8564900098B2B0 /* Poppins-Italic.ttf in Resources */,
				DC9C64462A8564900098B2B0 /* Poppins-Light.ttf in Resources */,
				DC9C64062A855D4B0098B2B0 /* Preview Assets.xcassets in Resources */,
				DC9C644E2A8564900098B2B0 /* Poppins-MediumItalic.ttf in Resources */,
				DC9C64452A8564900098B2B0 /* Poppins-Bold.ttf in Resources */,
				DC9C64522A8564900098B2B0 /* Poppins-BoldItalic.ttf in Resources */,
				DC9C64502A8564900098B2B0 /* Poppins-ExtraBoldItalic.ttf in Resources */,
				DC9C64482A8564900098B2B0 /* Poppins-Thin.ttf in Resources */,
				DC9C644A2A8564900098B2B0 /* Poppins-ExtraBold.ttf in Resources */,
				DC9C64492A8564900098B2B0 /* Poppins-ThinItalic.ttf in Resources */,
				DC9C64032A855D4B0098B2B0 /* Assets.xcassets in Resources */,
				DC9C644C2A8564900098B2B0 /* Poppins-SemiBold.ttf in Resources */,
				DC9C64442A8564900098B2B0 /* Poppins-Regular.ttf in Resources */,
				DC9C644B2A8564900098B2B0 /* Poppins-LightItalic.ttf in Resources */,
			);
			runOnlyForDeploymentPostprocessing = 0;
		};
		DC9C64092A855D4B0098B2B0 /* Resources */ = {
			isa = PBXResourcesBuildPhase;
			buildActionMask = 2147483647;
			files = (
			);
			runOnlyForDeploymentPostprocessing = 0;
		};
		DC9C64132A855D4C0098B2B0 /* Resources */ = {
			isa = PBXResourcesBuildPhase;
			buildActionMask = 2147483647;
			files = (
			);
			runOnlyForDeploymentPostprocessing = 0;
		};
/* End PBXResourcesBuildPhase section */

/* Begin PBXSourcesBuildPhase section */
		DC9C63F72A855D4B0098B2B0 /* Sources */ = {
			isa = PBXSourcesBuildPhase;
			buildActionMask = 2147483647;
			files = (
				DC9C64012A855D4B0098B2B0 /* ContentView.swift in Sources */,
				075E67102A88BBFD00DD758D /* ProfileView.swift in Sources */,
				DC9C64562A8569660098B2B0 /* RegisterView.swift in Sources */,
				DCF99D0E2A8B996200D10726 /* MockData.swift in Sources */,
				DC9C645B2A8570A70098B2B0 /* User.swift in Sources */,
				DCF99D0A2A8B943300D10726 /* AnalysisView.swift in Sources */,
				DC1AB0E02A87A1A90038E3AE /* Repository.swift in Sources */,
				DC1AB0DE2A879F690038E3AE /* NetworkManager.swift in Sources */,
				DC9C642A2A8560200098B2B0 /* GetStartedView.swift in Sources */,
				DC9C64582A856F110098B2B0 /* LoginView.swift in Sources */,
				07856CC72A8CB5C900A9BC96 /* AddRecordView.swift in Sources */,
				07AB08C82A8B64AD0072F099 /* ViewRecordsView.swift in Sources */,
				DCC5795A2A8AA9BB00F4AC17 /* TabBarView.swift in Sources */,
				DCC5795F2A8AC4AD00F4AC17 /* SpinnerView.swift in Sources */,
				DC9C63FF2A855D4B0098B2B0 /* Fito_SwiftUIApp.swift in Sources */,
			);
			runOnlyForDeploymentPostprocessing = 0;
		};
		DC9C64072A855D4B0098B2B0 /* Sources */ = {
			isa = PBXSourcesBuildPhase;
			buildActionMask = 2147483647;
			files = (
				DCF99D0B2A8B943300D10726 /* AnalysisView.swift in Sources */,
				DCC5795B2A8AA9BB00F4AC17 /* TabBarView.swift in Sources */,
				DCC579602A8AC4AD00F4AC17 /* SpinnerView.swift in Sources */,
				DC9C64102A855D4B0098B2B0 /* Fito_SwiftUITests.swift in Sources */,
				DCF99D0F2A8B996200D10726 /* MockData.swift in Sources */,
			);
			runOnlyForDeploymentPostprocessing = 0;
		};
		DC9C64112A855D4C0098B2B0 /* Sources */ = {
			isa = PBXSourcesBuildPhase;
			buildActionMask = 2147483647;
			files = (
				DC9C641C2A855D4C0098B2B0 /* Fito_SwiftUIUITestsLaunchTests.swift in Sources */,
				DCF99D102A8B996200D10726 /* MockData.swift in Sources */,
				DCC5795C2A8AA9BB00F4AC17 /* TabBarView.swift in Sources */,
				DCF99D0C2A8B943300D10726 /* AnalysisView.swift in Sources */,
				DCC579612A8AC4AD00F4AC17 /* SpinnerView.swift in Sources */,
				DC9C641A2A855D4C0098B2B0 /* Fito_SwiftUIUITests.swift in Sources */,
			);
			runOnlyForDeploymentPostprocessing = 0;
		};
/* End PBXSourcesBuildPhase section */

/* Begin PBXTargetDependency section */
		DC9C640D2A855D4B0098B2B0 /* PBXTargetDependency */ = {
			isa = PBXTargetDependency;
			target = DC9C63FA2A855D4B0098B2B0 /* Fito-SwiftUI */;
			targetProxy = DC9C640C2A855D4B0098B2B0 /* PBXContainerItemProxy */;
		};
		DC9C64172A855D4C0098B2B0 /* PBXTargetDependency */ = {
			isa = PBXTargetDependency;
			target = DC9C63FA2A855D4B0098B2B0 /* Fito-SwiftUI */;
			targetProxy = DC9C64162A855D4C0098B2B0 /* PBXContainerItemProxy */;
		};
/* End PBXTargetDependency section */

/* Begin XCBuildConfiguration section */
		DC9C641D2A855D4C0098B2B0 /* Debug */ = {
			isa = XCBuildConfiguration;
			buildSettings = {
				ALWAYS_SEARCH_USER_PATHS = NO;
				CLANG_ANALYZER_NONNULL = YES;
				CLANG_ANALYZER_NUMBER_OBJECT_CONVERSION = YES_AGGRESSIVE;
				CLANG_CXX_LANGUAGE_STANDARD = "gnu++20";
				CLANG_ENABLE_MODULES = YES;
				CLANG_ENABLE_OBJC_ARC = YES;
				CLANG_ENABLE_OBJC_WEAK = YES;
				CLANG_WARN_BLOCK_CAPTURE_AUTORELEASING = YES;
				CLANG_WARN_BOOL_CONVERSION = YES;
				CLANG_WARN_COMMA = YES;
				CLANG_WARN_CONSTANT_CONVERSION = YES;
				CLANG_WARN_DEPRECATED_OBJC_IMPLEMENTATIONS = YES;
				CLANG_WARN_DIRECT_OBJC_ISA_USAGE = YES_ERROR;
				CLANG_WARN_DOCUMENTATION_COMMENTS = YES;
				CLANG_WARN_EMPTY_BODY = YES;
				CLANG_WARN_ENUM_CONVERSION = YES;
				CLANG_WARN_INFINITE_RECURSION = YES;
				CLANG_WARN_INT_CONVERSION = YES;
				CLANG_WARN_NON_LITERAL_NULL_CONVERSION = YES;
				CLANG_WARN_OBJC_IMPLICIT_RETAIN_SELF = YES;
				CLANG_WARN_OBJC_LITERAL_CONVERSION = YES;
				CLANG_WARN_OBJC_ROOT_CLASS = YES_ERROR;
				CLANG_WARN_QUOTED_INCLUDE_IN_FRAMEWORK_HEADER = YES;
				CLANG_WARN_RANGE_LOOP_ANALYSIS = YES;
				CLANG_WARN_STRICT_PROTOTYPES = YES;
				CLANG_WARN_SUSPICIOUS_MOVE = YES;
				CLANG_WARN_UNGUARDED_AVAILABILITY = YES_AGGRESSIVE;
				CLANG_WARN_UNREACHABLE_CODE = YES;
				CLANG_WARN__DUPLICATE_METHOD_MATCH = YES;
				COPY_PHASE_STRIP = NO;
				DEBUG_INFORMATION_FORMAT = dwarf;
				ENABLE_STRICT_OBJC_MSGSEND = YES;
				ENABLE_TESTABILITY = YES;
				GCC_C_LANGUAGE_STANDARD = gnu11;
				GCC_DYNAMIC_NO_PIC = NO;
				GCC_NO_COMMON_BLOCKS = YES;
				GCC_OPTIMIZATION_LEVEL = 0;
				GCC_PREPROCESSOR_DEFINITIONS = (
					"DEBUG=1",
					"$(inherited)",
				);
				GCC_WARN_64_TO_32_BIT_CONVERSION = YES;
				GCC_WARN_ABOUT_RETURN_TYPE = YES_ERROR;
				GCC_WARN_UNDECLARED_SELECTOR = YES;
				GCC_WARN_UNINITIALIZED_AUTOS = YES_AGGRESSIVE;
				GCC_WARN_UNUSED_FUNCTION = YES;
				GCC_WARN_UNUSED_VARIABLE = YES;
				IPHONEOS_DEPLOYMENT_TARGET = 16.4;
				MTL_ENABLE_DEBUG_INFO = INCLUDE_SOURCE;
				MTL_FAST_MATH = YES;
				ONLY_ACTIVE_ARCH = YES;
				SDKROOT = iphoneos;
				SWIFT_ACTIVE_COMPILATION_CONDITIONS = DEBUG;
				SWIFT_OPTIMIZATION_LEVEL = "-Onone";
			};
			name = Debug;
		};
		DC9C641E2A855D4C0098B2B0 /* Release */ = {
			isa = XCBuildConfiguration;
			buildSettings = {
				ALWAYS_SEARCH_USER_PATHS = NO;
				CLANG_ANALYZER_NONNULL = YES;
				CLANG_ANALYZER_NUMBER_OBJECT_CONVERSION = YES_AGGRESSIVE;
				CLANG_CXX_LANGUAGE_STANDARD = "gnu++20";
				CLANG_ENABLE_MODULES = YES;
				CLANG_ENABLE_OBJC_ARC = YES;
				CLANG_ENABLE_OBJC_WEAK = YES;
				CLANG_WARN_BLOCK_CAPTURE_AUTORELEASING = YES;
				CLANG_WARN_BOOL_CONVERSION = YES;
				CLANG_WARN_COMMA = YES;
				CLANG_WARN_CONSTANT_CONVERSION = YES;
				CLANG_WARN_DEPRECATED_OBJC_IMPLEMENTATIONS = YES;
				CLANG_WARN_DIRECT_OBJC_ISA_USAGE = YES_ERROR;
				CLANG_WARN_DOCUMENTATION_COMMENTS = YES;
				CLANG_WARN_EMPTY_BODY = YES;
				CLANG_WARN_ENUM_CONVERSION = YES;
				CLANG_WARN_INFINITE_RECURSION = YES;
				CLANG_WARN_INT_CONVERSION = YES;
				CLANG_WARN_NON_LITERAL_NULL_CONVERSION = YES;
				CLANG_WARN_OBJC_IMPLICIT_RETAIN_SELF = YES;
				CLANG_WARN_OBJC_LITERAL_CONVERSION = YES;
				CLANG_WARN_OBJC_ROOT_CLASS = YES_ERROR;
				CLANG_WARN_QUOTED_INCLUDE_IN_FRAMEWORK_HEADER = YES;
				CLANG_WARN_RANGE_LOOP_ANALYSIS = YES;
				CLANG_WARN_STRICT_PROTOTYPES = YES;
				CLANG_WARN_SUSPICIOUS_MOVE = YES;
				CLANG_WARN_UNGUARDED_AVAILABILITY = YES_AGGRESSIVE;
				CLANG_WARN_UNREACHABLE_CODE = YES;
				CLANG_WARN__DUPLICATE_METHOD_MATCH = YES;
				COPY_PHASE_STRIP = NO;
				DEBUG_INFORMATION_FORMAT = "dwarf-with-dsym";
				ENABLE_NS_ASSERTIONS = NO;
				ENABLE_STRICT_OBJC_MSGSEND = YES;
				GCC_C_LANGUAGE_STANDARD = gnu11;
				GCC_NO_COMMON_BLOCKS = YES;
				GCC_WARN_64_TO_32_BIT_CONVERSION = YES;
				GCC_WARN_ABOUT_RETURN_TYPE = YES_ERROR;
				GCC_WARN_UNDECLARED_SELECTOR = YES;
				GCC_WARN_UNINITIALIZED_AUTOS = YES_AGGRESSIVE;
				GCC_WARN_UNUSED_FUNCTION = YES;
				GCC_WARN_UNUSED_VARIABLE = YES;
				IPHONEOS_DEPLOYMENT_TARGET = 16.4;
				MTL_ENABLE_DEBUG_INFO = NO;
				MTL_FAST_MATH = YES;
				SDKROOT = iphoneos;
				SWIFT_COMPILATION_MODE = wholemodule;
				SWIFT_OPTIMIZATION_LEVEL = "-O";
				VALIDATE_PRODUCT = YES;
			};
			name = Release;
		};
		DC9C64202A855D4C0098B2B0 /* Debug */ = {
			isa = XCBuildConfiguration;
			buildSettings = {
				ASSETCATALOG_COMPILER_APPICON_NAME = AppIcon;
				ASSETCATALOG_COMPILER_GLOBAL_ACCENT_COLOR_NAME = AccentColor;
				CODE_SIGN_STYLE = Automatic;
				CURRENT_PROJECT_VERSION = 1;
				DEVELOPMENT_ASSET_PATHS = "\"Fito-SwiftUI/Preview Content\"";
				ENABLE_PREVIEWS = YES;
				GENERATE_INFOPLIST_FILE = YES;
				INFOPLIST_FILE = "Fito-SwiftUI/Info.plist";
				INFOPLIST_KEY_UIApplicationSceneManifest_Generation = YES;
				INFOPLIST_KEY_UIApplicationSupportsIndirectInputEvents = YES;
				INFOPLIST_KEY_UILaunchScreen_Generation = YES;
				INFOPLIST_KEY_UISupportedInterfaceOrientations_iPad = "UIInterfaceOrientationPortrait UIInterfaceOrientationPortraitUpsideDown UIInterfaceOrientationLandscapeLeft UIInterfaceOrientationLandscapeRight";
				INFOPLIST_KEY_UISupportedInterfaceOrientations_iPhone = "UIInterfaceOrientationPortrait UIInterfaceOrientationLandscapeLeft UIInterfaceOrientationLandscapeRight";
				LD_RUNPATH_SEARCH_PATHS = (
					"$(inherited)",
					"@executable_path/Frameworks",
				);
				MARKETING_VERSION = 1.0;
				PRODUCT_BUNDLE_IDENTIFIER = "jh.Fito-SwiftUI";
				PRODUCT_NAME = "$(TARGET_NAME)";
				SWIFT_EMIT_LOC_STRINGS = YES;
				SWIFT_VERSION = 5.0;
				TARGETED_DEVICE_FAMILY = "1,2";
			};
			name = Debug;
		};
		DC9C64212A855D4C0098B2B0 /* Release */ = {
			isa = XCBuildConfiguration;
			buildSettings = {
				ASSETCATALOG_COMPILER_APPICON_NAME = AppIcon;
				ASSETCATALOG_COMPILER_GLOBAL_ACCENT_COLOR_NAME = AccentColor;
				CODE_SIGN_STYLE = Automatic;
				CURRENT_PROJECT_VERSION = 1;
				DEVELOPMENT_ASSET_PATHS = "\"Fito-SwiftUI/Preview Content\"";
				ENABLE_PREVIEWS = YES;
				GENERATE_INFOPLIST_FILE = YES;
				INFOPLIST_FILE = "Fito-SwiftUI/Info.plist";
				INFOPLIST_KEY_UIApplicationSceneManifest_Generation = YES;
				INFOPLIST_KEY_UIApplicationSupportsIndirectInputEvents = YES;
				INFOPLIST_KEY_UILaunchScreen_Generation = YES;
				INFOPLIST_KEY_UISupportedInterfaceOrientations_iPad = "UIInterfaceOrientationPortrait UIInterfaceOrientationPortraitUpsideDown UIInterfaceOrientationLandscapeLeft UIInterfaceOrientationLandscapeRight";
				INFOPLIST_KEY_UISupportedInterfaceOrientations_iPhone = "UIInterfaceOrientationPortrait UIInterfaceOrientationLandscapeLeft UIInterfaceOrientationLandscapeRight";
				LD_RUNPATH_SEARCH_PATHS = (
					"$(inherited)",
					"@executable_path/Frameworks",
				);
				MARKETING_VERSION = 1.0;
				PRODUCT_BUNDLE_IDENTIFIER = "jh.Fito-SwiftUI";
				PRODUCT_NAME = "$(TARGET_NAME)";
				SWIFT_EMIT_LOC_STRINGS = YES;
				SWIFT_VERSION = 5.0;
				TARGETED_DEVICE_FAMILY = "1,2";
			};
			name = Release;
		};
		DC9C64232A855D4C0098B2B0 /* Debug */ = {
			isa = XCBuildConfiguration;
			buildSettings = {
				ALWAYS_EMBED_SWIFT_STANDARD_LIBRARIES = YES;
				BUNDLE_LOADER = "$(TEST_HOST)";
				CODE_SIGN_STYLE = Automatic;
				CURRENT_PROJECT_VERSION = 1;
				GENERATE_INFOPLIST_FILE = YES;
				IPHONEOS_DEPLOYMENT_TARGET = 16.4;
				MARKETING_VERSION = 1.0;
				PRODUCT_BUNDLE_IDENTIFIER = "jh.Fito-SwiftUITests";
				PRODUCT_NAME = "$(TARGET_NAME)";
				SWIFT_EMIT_LOC_STRINGS = NO;
				SWIFT_VERSION = 5.0;
				TARGETED_DEVICE_FAMILY = "1,2";
				TEST_HOST = "$(BUILT_PRODUCTS_DIR)/Fito-SwiftUI.app/$(BUNDLE_EXECUTABLE_FOLDER_PATH)/Fito-SwiftUI";
			};
			name = Debug;
		};
		DC9C64242A855D4C0098B2B0 /* Release */ = {
			isa = XCBuildConfiguration;
			buildSettings = {
				ALWAYS_EMBED_SWIFT_STANDARD_LIBRARIES = YES;
				BUNDLE_LOADER = "$(TEST_HOST)";
				CODE_SIGN_STYLE = Automatic;
				CURRENT_PROJECT_VERSION = 1;
				GENERATE_INFOPLIST_FILE = YES;
				IPHONEOS_DEPLOYMENT_TARGET = 16.4;
				MARKETING_VERSION = 1.0;
				PRODUCT_BUNDLE_IDENTIFIER = "jh.Fito-SwiftUITests";
				PRODUCT_NAME = "$(TARGET_NAME)";
				SWIFT_EMIT_LOC_STRINGS = NO;
				SWIFT_VERSION = 5.0;
				TARGETED_DEVICE_FAMILY = "1,2";
				TEST_HOST = "$(BUILT_PRODUCTS_DIR)/Fito-SwiftUI.app/$(BUNDLE_EXECUTABLE_FOLDER_PATH)/Fito-SwiftUI";
			};
			name = Release;
		};
		DC9C64262A855D4C0098B2B0 /* Debug */ = {
			isa = XCBuildConfiguration;
			buildSettings = {
				ALWAYS_EMBED_SWIFT_STANDARD_LIBRARIES = YES;
				CODE_SIGN_STYLE = Automatic;
				CURRENT_PROJECT_VERSION = 1;
				GENERATE_INFOPLIST_FILE = YES;
				MARKETING_VERSION = 1.0;
				PRODUCT_BUNDLE_IDENTIFIER = "jh.Fito-SwiftUIUITests";
				PRODUCT_NAME = "$(TARGET_NAME)";
				SWIFT_EMIT_LOC_STRINGS = NO;
				SWIFT_VERSION = 5.0;
				TARGETED_DEVICE_FAMILY = "1,2";
				TEST_TARGET_NAME = "Fito-SwiftUI";
			};
			name = Debug;
		};
		DC9C64272A855D4C0098B2B0 /* Release */ = {
			isa = XCBuildConfiguration;
			buildSettings = {
				ALWAYS_EMBED_SWIFT_STANDARD_LIBRARIES = YES;
				CODE_SIGN_STYLE = Automatic;
				CURRENT_PROJECT_VERSION = 1;
				GENERATE_INFOPLIST_FILE = YES;
				MARKETING_VERSION = 1.0;
				PRODUCT_BUNDLE_IDENTIFIER = "jh.Fito-SwiftUIUITests";
				PRODUCT_NAME = "$(TARGET_NAME)";
				SWIFT_EMIT_LOC_STRINGS = NO;
				SWIFT_VERSION = 5.0;
				TARGETED_DEVICE_FAMILY = "1,2";
				TEST_TARGET_NAME = "Fito-SwiftUI";
			};
			name = Release;
		};
/* End XCBuildConfiguration section */

/* Begin XCConfigurationList section */
		DC9C63F62A855D4A0098B2B0 /* Build configuration list for PBXProject "Fito-SwiftUI" */ = {
			isa = XCConfigurationList;
			buildConfigurations = (
				DC9C641D2A855D4C0098B2B0 /* Debug */,
				DC9C641E2A855D4C0098B2B0 /* Release */,
			);
			defaultConfigurationIsVisible = 0;
			defaultConfigurationName = Release;
		};
		DC9C641F2A855D4C0098B2B0 /* Build configuration list for PBXNativeTarget "Fito-SwiftUI" */ = {
			isa = XCConfigurationList;
			buildConfigurations = (
				DC9C64202A855D4C0098B2B0 /* Debug */,
				DC9C64212A855D4C0098B2B0 /* Release */,
			);
			defaultConfigurationIsVisible = 0;
			defaultConfigurationName = Release;
		};
		DC9C64222A855D4C0098B2B0 /* Build configuration list for PBXNativeTarget "Fito-SwiftUITests" */ = {
			isa = XCConfigurationList;
			buildConfigurations = (
				DC9C64232A855D4C0098B2B0 /* Debug */,
				DC9C64242A855D4C0098B2B0 /* Release */,
			);
			defaultConfigurationIsVisible = 0;
			defaultConfigurationName = Release;
		};
		DC9C64252A855D4C0098B2B0 /* Build configuration list for PBXNativeTarget "Fito-SwiftUIUITests" */ = {
			isa = XCConfigurationList;
			buildConfigurations = (
				DC9C64262A855D4C0098B2B0 /* Debug */,
				DC9C64272A855D4C0098B2B0 /* Release */,
			);
			defaultConfigurationIsVisible = 0;
			defaultConfigurationName = Release;
		};
/* End XCConfigurationList section */
	};
	rootObject = DC9C63F32A855D4A0098B2B0 /* Project object */;
}
